
Microsoft Visual Studio Solution File, Format Version 12.00
# Visual Studio Version 17
VisualStudioVersion = 17.14.37411.7
MinimumVisualStudioVersion = 10.0.40219.1
Project("{FAE04EC0-301F-11D3-BF4B-00C04F79EFBC}") = "MovieApp.API", "MovieApp\MovieApp.API.csproj", "{9681641A-B28F-4BBA-8CB0-FFC057C6CAAF}"
EndProject
Project("{FAE04EC0-301F-11D3-BF4B-00C04F79EFBC}") = "MovieApp.SharedKernel", "MoviApp.SharedKernel\MovieApp.SharedKernel.csproj", "{5A72B4BD-D112-4BDC-95AE-7ABA4C468D91}"
EndProject
Project("{FAE04EC0-301F-11D3-BF4B-00C04F79EFBC}") = "MovieApp.Domain", "MovieApp.Domain\MovieApp.Domain.csproj", "{632421E0-D386-45A0-A96F-F4B9A90E467B}"
EndProject
Project("{FAE04EC0-301F-11D3-BF4B-00C04F79EFBC}") = "MovieApp.Infrastructure", "MovieApp.Infrastructure\MovieApp.Infrastructure.csproj", "{E7F6D7F7-0424-4605-8B53-6DC3B4124165}"
EndProject
Project("{2150E333-8FDC-42A3-9474-1A3956D46DE8}") = "SRT", "SRT", "{02EA681E-C7D8-13C7-8484-4AC65E1B71E8}"
EndProject
Project("{2150E333-8FDC-42A3-9474-1A3956D46DE8}") = "Test", "Test", "{8ABE71D1-D52A-4C2C-B600-D0CEB41AA2F0}"
EndProject
Project("{2150E333-8FDC-42A3-9474-1A3956D46DE8}") = "Solution Items", "Solution Items", "{8EC462FD-D22E-90A8-E5CE-7E832BA40C5D}"
	ProjectSection(SolutionItems) = preProject
		.gitignore = .gitignore
		Directory.Packages.props = Directory.Packages.props
	EndProjectSection
EndProject
Project("{FAE04EC0-301F-11D3-BF4B-00C04F79EFBC}") = "MovieApp.ArchitectureTests", "MovieApp.AechitectureTests\MovieApp.ArchitectureTests.csproj", "{470399C5-6495-434E-9BEE-D23E01B86174}"
EndProject
Project("{FAE04EC0-301F-11D3-BF4B-00C04F79EFBC}") = "MovieApp.Application", "MovieApp.Application\MovieApp.Application.csproj", "{A8DD597E-4B3C-EDC5-5B24-E55631796F75}"
EndProject
Global
	GlobalSection(SolutionConfigurationPlatforms) = preSolution
		Debug|Any CPU = Debug|Any CPU
		Release|Any CPU = Release|Any CPU
	EndGlobalSection
	GlobalSection(ProjectConfigurationPlatforms) = postSolution
		{9681641A-B28F-4BBA-8CB0-FFC057C6CAAF}.Debug|Any CPU.ActiveCfg = Debug|Any CPU
		{9681641A-B28F-4BBA-8CB0-FFC057C6CAAF}.Debug|Any CPU.Build.0 = Debug|Any CPU
		{9681641A-B28F-4BBA-8CB0-FFC057C6CAAF}.Release|Any CPU.ActiveCfg = Release|Any CPU
		{9681641A-B28F-4BBA-8CB0-FFC057C6CAAF}.Release|Any CPU.Build.0 = Release|Any CPU
		{5A72B4BD-D112-4BDC-95AE-7ABA4C468D91}.Debug|Any CPU.ActiveCfg = Debug|Any CPU
		{5A72B4BD-D112-4BDC-95AE-7ABA4C468D91}.Debug|Any CPU.Build.0 = Debug|Any CPU
		{5A72B4BD-D112-4BDC-95AE-7ABA4C468D91}.Release|Any CPU.ActiveCfg = Release|Any CPU
		{5A72B4BD-D112-4BDC-95AE-7ABA4C468D91}.Release|Any CPU.Build.0 = Release|Any CPU
		{632421E0-D386-45A0-A96F-F4B9A90E467B}.Debug|Any CPU.ActiveCfg = Debug|Any CPU
		{632421E0-D386-45A0-A96F-F4B9A90E467B}.Debug|Any CPU.Build.0 = Debug|Any CPU
		{632421E0-D386-45A0-A96F-F4B9A90E467B}.Release|Any CPU.ActiveCfg = Release|Any CPU
		{632421E0-D386-45A0-A96F-F4B9A90E467B}.Release|Any CPU.Build.0 = Release|Any CPU
		{E7F6D7F7-0424-4605-8B53-6DC3B4124165}.Debug|Any CPU.ActiveCfg = Debug|Any CPU
		{E7F6D7F7-0424-4605-8B53-6DC3B4124165}.Debug|Any CPU.Build.0 = Debug|Any CPU
		{E7F6D7F7-0424-4605-8B53-6DC3B4124165}.Release|Any CPU.ActiveCfg = Release|Any CPU
		{E7F6D7F7-0424-4605-8B53-6DC3B4124165}.Release|Any CPU.Build.0 = Release|Any CPU
		{470399C5-6495-434E-9BEE-D23E01B86174}.Debug|Any CPU.ActiveCfg = Debug|Any CPU
		{470399C5-6495-434E-9BEE-D23E01B86174}.Debug|Any CPU.Build.0 = Debug|Any CPU
		{470399C5-6495-434E-9BEE-D23E01B86174}.Release|Any CPU.ActiveCfg = Release|Any CPU
		{470399C5-6495-434E-9BEE-D23E01B86174}.Release|Any CPU.Build.0 = Release|Any CPU
		{A8DD597E-4B3C-EDC5-5B24-E55631796F75}.Debug|Any CPU.ActiveCfg = Debug|Any CPU
		{A8DD597E-4B3C-EDC5-5B24-E55631796F75}.Debug|Any CPU.Build.0 = Debug|Any CPU
		{A8DD597E-4B3C-EDC5-5B24-E55631796F75}.Release|Any CPU.ActiveCfg = Release|Any CPU
		{A8DD597E-4B3C-EDC5-5B24-E55631796F75}.Release|Any CPU.Build.0 = Release|Any CPU
	EndGlobalSection
	GlobalSection(SolutionProperties) = preSolution
		HideSolutionNode = FALSE
	EndGlobalSection
	GlobalSection(NestedProjects) = preSolution
		{9681641A-B28F-4BBA-8CB0-FFC057C6CAAF} = {02EA681E-C7D8-13C7-8484-4AC65E1B71E8}
		{5A72B4BD-D112-4BDC-95AE-7ABA4C468D91} = {02EA681E-C7D8-13C7-8484-4AC65E1B71E8}
		{632421E0-D386-45A0-A96F-F4B9A90E467B} = {02EA681E-C7D8-13C7-8484-4AC65E1B71E8}
		{E7F6D7F7-0424-4605-8B53-6DC3B4124165} = {02EA681E-C7D8-13C7-8484-4AC65E1B71E8}
		{470399C5-6495-434E-9BEE-D23E01B86174} = {8ABE71D1-D52A-4C2C-B600-D0CEB41AA2F0}
		{A8DD597E-4B3C-EDC5-5B24-E55631796F75} = {02EA681E-C7D8-13C7-8484-4AC65E1B71E8}
	EndGlobalSection
	GlobalSection(ExtensibilityGlobals) = postSolution
		SolutionGuid = {CB95533E-83FB-4F8F-BACA-FA1C275DAA30}
	EndGlobalSection
EndGlobal
